Microsoft Visual Studio Solution File, Format Version 12.00
# Visual Studio Version 17
VisualStudioVersion = 17.5.2.0
MinimumVisualStudioVersion = 10.0.40219.1
Project("{FAE04EC0-301F-11D3-BF4B-00C04F79EFBC}") = "DGD208-Spring2025-KaanKarasu", "DGD208-Spring2025-KaanKarasu.csproj", "{EF722382-043C-66E4-EB87-D085A4239526}"
EndProject
Global
	GlobalSection(SolutionConfigurationPlatforms) = preSolution
		Debug|Any CPU = Debug|Any CPU
		Release|Any CPU = Release|Any CPU
	EndGlobalSection
	GlobalSection(ProjectConfigurationPlatforms) = postSolution
		{EF722382-043C-66E4-EB87-D085A4239526}.Debug|Any CPU.ActiveCfg = Debug|Any CPU
		{EF722382-043C-66E4-EB87-D085A4239526}.Debug|Any CPU.Build.0 = Debug|Any CPU
		{EF722382-043C-66E4-EB87-D085A4239526}.Release|Any CPU.ActiveCfg = Release|Any CPU
		{EF722382-043C-66E4-EB87-D085A4239526}.Release|Any CPU.Build.0 = Release|Any CPU
	EndGlobalSection
	GlobalSection(SolutionProperties) = preSolution
		HideSolutionNode = FALSE
	EndGlobalSection
	GlobalSection(ExtensibilityGlobals) = postSolution
		SolutionGuid = {16440A6B-88F7-4C5A-AC2D-9BE76B117A23}
	EndGlobalSection
EndGlobal
